
Microsoft Visual Studio Solution File, Format Version 12.00
# Visual Studio Version 16
VisualStudioVersion = 16.0.30320.27
MinimumVisualStudioVersion = 10.0.40219.1
Project("{FAE04EC0-301F-11D3-BF4B-00C04F79EFBC}") = "WinForms", "WinForms.csproj", "{C0425AF6-BC32-4204-8161-44F5BD9AFB8F}"
EndProject
Global
	GlobalSection(SolutionConfigurationPlatforms) = preSolution
		Debug|Any CPU = Debug|Any CPU
		Release|Any CPU = Release|Any CPU
	EndGlobalSection
	GlobalSection(ProjectConfigurationPlatforms) = postSolution
		{C0425AF6-BC32-4204-8161-44F5BD9AFB8F}.Debug|Any CPU.ActiveCfg = Debug|Any CPU
		{C0425AF6-BC32-4204-8161-44F5BD9AFB8F}.Debug|Any CPU.Build.0 = Debug|Any CPU
		{C0425AF6-BC32-4204-8161-44F5BD9AFB8F}.Release|Any CPU.ActiveCfg = Release|Any CPU
		{C0425AF6-BC32-4204-8161-44F5BD9AFB8F}.Release|Any CPU.Build.0 = Release|Any CPU
	EndGlobalSection
	GlobalSection(SolutionProperties) = preSolution
		HideSolutionNode = FALSE
	EndGlobalSection
	GlobalSection(ExtensibilityGlobals) = postSolution
		SolutionGuid = {28612E60-49B6-425E-8CFB-F17938E5A119}
	EndGlobalSection
EndGlobal
